// !$*UTF8*$!
{
	archiveVersion = 1;
	classes = {
	};
	objectVersion = 50;
	objects = {

/* Begin PBXBuildFile section */
		BBAE19842693F5BE00FDFC8C /* firstappApp.swift in Sources */ = {isa = PBXBuildFile; fileRef = BBAE19832693F5BE00FDFC8C /* firstappApp.swift */; };
		BBAE19862693F5BE00FDFC8C /* ContentView.swift in Sources */ = {isa = PBXBuildFile; fileRef = BBAE19852693F5BE00FDFC8C /* ContentView.swift */; };
		BBAE19882693F5BF00FDFC8C /* Assets.xcassets in Resources */ = {isa = PBXBuildFile; fileRef = BBAE19872693F5BF00FDFC8C /* Assets.xcassets */; };
		BBAE198B2693F5BF00FDFC8C /* Preview Assets.xcassets in Resources */ = {isa = PBXBuildFile; fileRef = BBAE198A2693F5BF00FDFC8C /* Preview Assets.xcassets */; };
		BBAE19962693F5BF00FDFC8C /* firstappTests.swift in Sources */ = {isa = PBXBuildFile; fileRef = BBAE19952693F5BF00FDFC8C /* firstappTests.swift */; };
		BBAE19A12693F5BF00FDFC8C /* firstappUITests.swift in Sources */ = {isa = PBXBuildFile; fileRef = BBAE19A02693F5BF00FDFC8C /* firstappUITests.swift */; };
/* End PBXBuildFile section */

/* Begin PBXContainerItemProxy section */
		BBAE19922693F5BF00FDFC8C /* PBXContainerItemProxy */ = {
			isa = PBXContainerItemProxy;
			containerPortal = BBAE19782693F5BE00FDFC8C /* Project object */;
			proxyType = 1;
			remoteGlobalIDString = BBAE197F2693F5BE00FDFC8C;
			remoteInfo = firstapp;
		};
		BBAE199D2693F5BF00FDFC8C /* PBXContainerItemProxy */ = {
			isa = PBXContainerItemProxy;
			containerPortal = BBAE19782693F5BE00FDFC8C /* Project object */;
			proxyType = 1;
			remoteGlobalIDString = BBAE197F2693F5BE00FDFC8C;
			remoteInfo = firstapp;
		};
/* End PBXContainerItemProxy section */

/* Begin PBXFileReference section */
		BBAE19802693F5BE00FDFC8C /* firstapp.app */ = {isa = PBXFileReference; explicitFileType = wrapper.application; includeInIndex = 0; path = firstapp.app; sourceTree = BUILT_PRODUCTS_DIR; };
		BBAE19832693F5BE00FDFC8C /* firstappApp.swift */ = {isa = PBXFileReference; lastKnownFileType = sourcecode.swift; path = firstappApp.swift; sourceTree = "<group>"; };
		BBAE19852693F5BE00FDFC8C /* ContentView.swift */ = {isa = PBXFileReference; lastKnownFileType = sourcecode.swift; path = ContentView.swift; sourceTree = "<group>"; };
		BBAE19872693F5BF00FDFC8C /* Assets.xcassets */ = {isa = PBXFileReference; lastKnownFileType = folder.assetcatalog; path = Assets.xcassets; sourceTree = "<group>"; };
		BBAE198A2693F5BF00FDFC8C /* Preview Assets.xcassets */ = {isa = PBXFileReference; lastKnownFileType = folder.assetcatalog; path = "Preview Assets.xcassets"; sourceTree = "<group>"; };
		BBAE198C2693F5BF00FDFC8C /* Info.plist */ = {isa = PBXFileReference; lastKnownFileType = text.plist.xml; path = Info.plist; sourceTree = "<group>"; };
		BBAE19912693F5BF00FDFC8C /* firstappTests.xctest */ = {isa = PBXFileReference; explicitFileType = wrapper.cfbundle; includeInIndex = 0; path = firstappTests.xctest; sourceTree = BUILT_PRODUCTS_DIR; };
		BBAE19952693F5BF00FDFC8C /* firstappTests.swift */ = {isa = PBXFileReference; lastKnownFileType = sourcecode.swift; path = firstappTests.swift; sourceTree = "<group>"; };
		BBAE19972693F5BF00FDFC8C /* Info.plist */ = {isa = PBXFileReference; lastKnownFileType = text.plist.xml; path = Info.plist; sourceTree = "<group>"; };
		BBAE199C2693F5BF00FDFC8C /* firstappUITests.xctest */ = {isa = PBXFileReference; explicitFileType = wrapper.cfbundle; includeInIndex = 0; path = firstappUITests.xctest; sourceTree = BUILT_PRODUCTS_DIR; };
		BBAE19A02693F5BF00FDFC8C /* firstappUITests.swift */ = {isa = PBXFileReference; lastKnownFileType = sourcecode.swift; path = firstappUITests.swift; sourceTree = "<group>"; };
		BBAE19A22693F5BF00FDFC8C /* Info.plist */ = {isa = PBXFileReference; lastKnownFileType = text.plist.xml; path = Info.plist; sourceTree = "<group>"; };
/* End PBXFileReference section */

/* Begin PBXFrameworksBuildPhase section */
		BBAE197D2693F5BE00FDFC8C /* Frameworks */ = {
			isa = PBXFrameworksBuildPhase;
			buildActionMask = 2147483647;
			files = (
			);
			runOnlyForDeploymentPostprocessing = 0;
		};
		BBAE198E2693F5BF00FDFC8C /* Frameworks */ = {
			isa = PBXFrameworksBuildPhase;
			buildActionMask = 2147483647;
			files = (
			);
			runOnlyForDeploymentPostprocessing = 0;
		};
		BBAE19992693F5BF00FDFC8C /* Frameworks */ = {
			isa = PBXFrameworksBuildPhase;
			buildActionMask = 2147483647;
			files = (
			);
			runOnlyForDeploymentPostprocessing = 0;
		};
/* End PBXFrameworksBuildPhase section */

/* Begin PBXGroup section */
		BBAE19772693F5BE00FDFC8C = {
			isa = PBXGroup;
			children = (
				BBAE19822693F5BE00FDFC8C /* firstapp */,
				BBAE19942693F5BF00FDFC8C /* firstappTests */,
				BBAE199F2693F5BF00FDFC8C /* firstappUITests */,
				BBAE19812693F5BE00FDFC8C /* Products */,
			);
			sourceTree = "<group>";
		};
		BBAE19812693F5BE00FDFC8C /* Products */ = {
			isa = PBXGroup;
			children = (
				BBAE19802693F5BE00FDFC8C /* firstapp.app */,
				BBAE19912693F5BF00FDFC8C /* firstappTests.xctest */,
				BBAE199C2693F5BF00FDFC8C /* firstappUITests.xctest */,
			);
			name = Products;
			sourceTree = "<group>";
		};
		BBAE19822693F5BE00FDFC8C /* firstapp */ = {
			isa = PBXGroup;
			children = (
				BBAE19832693F5BE00FDFC8C /* firstappApp.swift */,
				BBAE19852693F5BE00FDFC8C /* ContentView.swift */,
				BBAE19872693F5BF00FDFC8C /* Assets.xcassets */,
				BBAE198C2693F5BF00FDFC8C /* Info.plist */,
				BBAE19892693F5BF00FDFC8C /* Preview Content */,
			);
			path = firstapp;
			sourceTree = "<group>";
		};
		BBAE19892693F5BF00FDFC8C /* Preview Content */ = {
			isa = PBXGroup;
			children = (
				BBAE198A2693F5BF00FDFC8C /* Preview Assets.xcassets */,
			);
			path = "Preview Content";
			sourceTree = "<group>";
		};
		BBAE19942693F5BF00FDFC8C /* firstappTests */ = {
			isa = PBXGroup;
			children = (
				BBAE19952693F5BF00FDFC8C /* firstappTests.swift */,
				BBAE19972693F5BF00FDFC8C /* Info.plist */,
			);
			path = firstappTests;
			sourceTree = "<group>";
		};
		BBAE199F2693F5BF00FDFC8C /* firstappUITests */ = {
			isa = PBXGroup;
			children = (
				BBAE19A02693F5BF00FDFC8C /* firstappUITests.swift */,
				BBAE19A22693F5BF00FDFC8C /* Info.plist */,
			);
			path = firstappUITests;
			sourceTree = "<group>";
		};
/* End PBXGroup section */

/* Begin PBXNativeTarget section */
		BBAE197F2693F5BE00FDFC8C /* firstapp */ = {
			isa = PBXNativeTarget;
			buildConfigurationList = BBAE19A52693F5BF00FDFC8C /* Build configuration list for PBXNativeTarget "firstapp" */;
			buildPhases = (
				BBAE197C2693F5BE00FDFC8C /* Sources */,
				BBAE197D2693F5BE00FDFC8C /* Frameworks */,
				BBAE197E2693F5BE00FDFC8C /* Resources */,
			);
			buildRules = (
			);
			dependencies = (
			);
			name = firstapp;
			productName = firstapp;
			productReference = BBAE19802693F5BE00FDFC8C /* firstapp.app */;
			productType = "com.apple.product-type.application";
		};
		BBAE19902693F5BF00FDFC8C /* firstappTests */ = {
			isa = PBXNativeTarget;
			buildConfigurationList = BBAE19A82693F5BF00FDFC8C /* Build configuration list for PBXNativeTarget "firstappTests" */;
			buildPhases = (
				BBAE198D2693F5BF00FDFC8C /* Sources */,
				BBAE198E2693F5BF00FDFC8C /* Frameworks */,
				BBAE198F2693F5BF00FDFC8C /* Resources */,
			);
			buildRules = (
			);
			dependencies = (
				BBAE19932693F5BF00FDFC8C /* PBXTargetDependency */,
			);
			name = firstappTests;
			productName = firstappTests;
			productReference = BBAE19912693F5BF00FDFC8C /* firstappTests.xctest */;
			productType = "com.apple.product-type.bundle.unit-test";
		};
		BBAE199B2693F5BF00FDFC8C /* firstappUITests */ = {
			isa = PBXNativeTarget;
			buildConfigurationList = BBAE19AB2693F5BF00FDFC8C /* Build configuration list for PBXNativeTarget "firstappUITests" */;
			buildPhases = (
				BBAE19982693F5BF00FDFC8C /* Sources */,
				BBAE19992693F5BF00FDFC8C /* Frameworks */,
				BBAE199A2693F5BF00FDFC8C /* Resources */,
			);
			buildRules = (
			);
			dependencies = (
				BBAE199E2693F5BF00FDFC8C /* PBXTargetDependency */,
			);
			name = firstappUITests;
			productName = firstappUITests;
			productReference = BBAE199C2693F5BF00FDFC8C /* firstappUITests.xctest */;
			productType = "com.apple.product-type.bundle.ui-testing";
		};
/* End PBXNativeTarget section */

/* Begin PBXProject section */
		BBAE19782693F5BE00FDFC8C /* Project object */ = {
			isa = PBXProject;
			attributes = {
				LastSwiftUpdateCheck = 1250;
				LastUpgradeCheck = 1250;
				TargetAttributes = {
					BBAE197F2693F5BE00FDFC8C = {
						CreatedOnToolsVersion = 12.5.1;
					};
					BBAE19902693F5BF00FDFC8C = {
						CreatedOnToolsVersion = 12.5.1;
						TestTargetID = BBAE197F2693F5BE00FDFC8C;
					};
					BBAE199B2693F5BF00FDFC8C = {
						CreatedOnToolsVersion = 12.5.1;
						TestTargetID = BBAE197F2693F5BE00FDFC8C;
					};
				};
			};
			buildConfigurationList = BBAE197B2693F5BE00FDFC8C /* Build configuration list for PBXProject "firstapp" */;
			compatibilityVersion = "Xcode 9.3";
			developmentRegion = en;
			hasScannedForEncodings = 0;
			knownRegions = (
				en,
				Base,
			);
			mainGroup = BBAE19772693F5BE00FDFC8C;
			productRefGroup = BBAE19812693F5BE00FDFC8C /* Products */;
			projectDirPath = "";
			projectRoot = "";
			targets = (
				BBAE197F2693F5BE00FDFC8C /* firstapp */,
				BBAE19902693F5BF00FDFC8C /* firstappTests */,
				BBAE199B2693F5BF00FDFC8C /* firstappUITests */,
			);
		};
/* End PBXProject section */

/* Begin PBXResourcesBuildPhase section */
		BBAE197E2693F5BE00FDFC8C /* Resources */ = {
			isa = PBXResourcesBuildPhase;
			buildActionMask = 2147483647;
			files = (
				BBAE198B2693F5BF00FDFC8C /* Preview Assets.xcassets in Resources */,
				BBAE19882693F5BF00FDFC8C /* Assets.xcassets in Resources */,
			);
			runOnlyForDeploymentPostprocessing = 0;
		};
		BBAE198F2693F5BF00FDFC8C /* Resources */ = {
			isa = PBXResourcesBuildPhase;
			buildActionMask = 2147483647;
			files = (
			);
			runOnlyForDeploymentPostprocessing = 0;
		};
		BBAE199A2693F5BF00FDFC8C /* Resources */ = {
			isa = PBXResourcesBuildPhase;
			buildActionMask = 2147483647;
			files = (
			);
			runOnlyForDeploymentPostprocessing = 0;
		};
/* End PBXResourcesBuildPhase section */

/* Begin PBXSourcesBuildPhase section */
		BBAE197C2693F5BE00FDFC8C /* Sources */ = {
			isa = PBXSourcesBuildPhase;
			buildActionMask = 2147483647;
			files = (
				BBAE19862693F5BE00FDFC8C /* ContentView.swift in Sources */,
				BBAE19842693F5BE00FDFC8C /* firstappApp.swift in Sources */,
			);
			runOnlyForDeploymentPostprocessing = 0;
		};
		BBAE198D2693F5BF00FDFC8C /* Sources */ = {
			isa = PBXSourcesBuildPhase;
			buildActionMask = 2147483647;
			files = (
				BBAE19962693F5BF00FDFC8C /* firstappTests.swift in Sources */,
			);
			runOnlyForDeploymentPostprocessing = 0;
		};
		BBAE19982693F5BF00FDFC8C /* Sources */ = {
			isa = PBXSourcesBuildPhase;
			buildActionMask = 2147483647;
			files = (
				BBAE19A12693F5BF00FDFC8C /* firstappUITests.swift in Sources */,
			);
			runOnlyForDeploymentPostprocessing = 0;
		};
/* End PBXSourcesBuildPhase section */

/* Begin PBXTargetDependency section */
		BBAE19932693F5BF00FDFC8C /* PBXTargetDependency */ = {
			isa = PBXTargetDependency;
			target = BBAE197F2693F5BE00FDFC8C /* firstapp */;
			targetProxy = BBAE19922693F5BF00FDFC8C /* PBXContainerItemProxy */;
		};
		BBAE199E2693F5BF00FDFC8C /* PBXTargetDependency */ = {
			isa = PBXTargetDependency;
			target = BBAE197F2693F5BE00FDFC8C /* firstapp */;
			targetProxy = BBAE199D2693F5BF00FDFC8C /* PBXContainerItemProxy */;
		};
/* End PBXTargetDependency section */

/* Begin XCBuildConfiguration section */
		BBAE19A32693F5BF00FDFC8C /* Debug */ = {
			isa = XCBuildConfiguration;
			buildSettings = {
				ALWAYS_SEARCH_USER_PATHS = NO;
				CLANG_ANALYZER_NONNULL = YES;
				CLANG_ANALYZER_NUMBER_OBJECT_CONVERSION = YES_AGGRESSIVE;
				CLANG_CXX_LANGUAGE_STANDARD = "gnu++14";
				CLANG_CXX_LIBRARY = "libc++";
				CLANG_ENABLE_MODULES = YES;
				CLANG_ENABLE_OBJC_ARC = YES;
				CLANG_ENABLE_OBJC_WEAK = YES;
				CLANG_WARN_BLOCK_CAPTURE_AUTORELEASING = YES;
				CLANG_WARN_BOOL_CONVERSION = YES;
				CLANG_WARN_COMMA = YES;
				CLANG_WARN_CONSTANT_CONVERSION = YES;
				CLANG_WARN_DEPRECATED_OBJC_IMPLEMENTATIONS = YES;
				CLANG_WARN_DIRECT_OBJC_ISA_USAGE = YES_ERROR;
				CLANG_WARN_DOCUMENTATION_COMMENTS = YES;
				CLANG_WARN_EMPTY_BODY = YES;
				CLANG_WARN_ENUM_CONVERSION = YES;
				CLANG_WARN_INFINITE_RECURSION = YES;
				CLANG_WARN_INT_CONVERSION = YES;
				CLANG_WARN_NON_LITERAL_NULL_CONVERSION = YES;
				CLANG_WARN_OBJC_IMPLICIT_RETAIN_SELF = YES;
				CLANG_WARN_OBJC_LITERAL_CONVERSION = YES;
				CLANG_WARN_OBJC_ROOT_CLASS = YES_ERROR;
				CLANG_WARN_QUOTED_INCLUDE_IN_FRAMEWORK_HEADER = YES;
				CLANG_WARN_RANGE_LOOP_ANALYSIS = YES;
				CLANG_WARN_STRICT_PROTOTYPES = YES;
				CLANG_WARN_SUSPICIOUS_MOVE = YES;
				CLANG_WARN_UNGUARDED_AVAILABILITY = YES_AGGRESSIVE;
				CLANG_WARN_UNREACHABLE_CODE = YES;
				CLANG_WARN__DUPLICATE_METHOD_MATCH = YES;
				COPY_PHASE_STRIP = NO;
				DEBUG_INFORMATION_FORMAT = dwarf;
				ENABLE_STRICT_OBJC_MSGSEND = YES;
				ENABLE_TESTABILITY = YES;
				GCC_C_LANGUAGE_STANDARD = gnu11;
				GCC_DYNAMIC_NO_PIC = NO;
				GCC_NO_COMMON_BLOCKS = YES;
				GCC_OPTIMIZATION_LEVEL = 0;
				GCC_PREPROCESSOR_DEFINITIONS = (
					"DEBUG=1",
					"$(inherited)",
				);
				GCC_WARN_64_TO_32_BIT_CONVERSION = YES;
				GCC_WARN_ABOUT_RETURN_TYPE = YES_ERROR;
				GCC_WARN_UNDECLARED_SELECTOR = YES;
				GCC_WARN_UNINITIALIZED_AUTOS = YES_AGGRESSIVE;
				GCC_WARN_UNUSED_FUNCTION = YES;
				GCC_WARN_UNUSED_VARIABLE = YES;
				IPHONEOS_DEPLOYMENT_TARGET = 14.5;
				MTL_ENABLE_DEBUG_INFO = INCLUDE_SOURCE;
				MTL_FAST_MATH = YES;
				ONLY_ACTIVE_ARCH = YES;
				SDKROOT = iphoneos;
				SWIFT_ACTIVE_COMPILATION_CONDITIONS = DEBUG;
				SWIFT_OPTIMIZATION_LEVEL = "-Onone";
			};
			name = Debug;
		};
		BBAE19A42693F5BF00FDFC8C /* Release */ = {
			isa = XCBuildConfiguration;
			buildSettings = {
				ALWAYS_SEARCH_USER_PATHS = NO;
				CLANG_ANALYZER_NONNULL = YES;
				CLANG_ANALYZER_NUMBER_OBJECT_CONVERSION = YES_AGGRESSIVE;
				CLANG_CXX_LANGUAGE_STANDARD = "gnu++14";
				CLANG_CXX_LIBRARY = "libc++";
				CLANG_ENABLE_MODULES = YES;
				CLANG_ENABLE_OBJC_ARC = YES;
				CLANG_ENABLE_OBJC_WEAK = YES;
				CLANG_WARN_BLOCK_CAPTURE_AUTORELEASING = YES;
				CLANG_WARN_BOOL_CONVERSION = YES;
				CLANG_WARN_COMMA = YES;
				CLANG_WARN_CONSTANT_CONVERSION = YES;
				CLANG_WARN_DEPRECATED_OBJC_IMPLEMENTATIONS = YES;
				CLANG_WARN_DIRECT_OBJC_ISA_USAGE = YES_ERROR;
				CLANG_WARN_DOCUMENTATION_COMMENTS = YES;
				CLANG_WARN_EMPTY_BODY = YES;
				CLANG_WARN_ENUM_CONVERSION = YES;
				CLANG_WARN_INFINITE_RECURSION = YES;
				CLANG_WARN_INT_CONVERSION = YES;
				CLANG_WARN_NON_LITERAL_NULL_CONVERSION = YES;
				CLANG_WARN_OBJC_IMPLICIT_RETAIN_SELF = YES;
				CLANG_WARN_OBJC_LITERAL_CONVERSION = YES;
				CLANG_WARN_OBJC_ROOT_CLASS = YES_ERROR;
				CLANG_WARN_QUOTED_INCLUDE_IN_FRAMEWORK_HEADER = YES;
				CLANG_WARN_RANGE_LOOP_ANALYSIS = YES;
				CLANG_WARN_STRICT_PROTOTYPES = YES;
				CLANG_WARN_SUSPICIOUS_MOVE = YES;
				CLANG_WARN_UNGUARDED_AVAILABILITY = YES_AGGRESSIVE;
				CLANG_WARN_UNREACHABLE_CODE = YES;
				CLANG_WARN__DUPLICATE_METHOD_MATCH = YES;
				COPY_PHASE_STRIP = NO;
				DEBUG_INFORMATION_FORMAT = "dwarf-with-dsym";
				ENABLE_NS_ASSERTIONS = NO;
				ENABLE_STRICT_OBJC_MSGSEND = YES;
				GCC_C_LANGUAGE_STANDARD = gnu11;
				GCC_NO_COMMON_BLOCKS = YES;
				GCC_WARN_64_TO_32_BIT_CONVERSION = YES;
				GCC_WARN_ABOUT_RETURN_TYPE = YES_ERROR;
				GCC_WARN_UNDECLARED_SELECTOR = YES;
				GCC_WARN_UNINITIALIZED_AUTOS = YES_AGGRESSIVE;
				GCC_WARN_UNUSED_FUNCTION = YES;
				GCC_WARN_UNUSED_VARIABLE = YES;
				IPHONEOS_DEPLOYMENT_TARGET = 14.5;
				MTL_ENABLE_DEBUG_INFO = NO;
				MTL_FAST_MATH = YES;
				SDKROOT = iphoneos;
				SWIFT_COMPILATION_MODE = wholemodule;
				SWIFT_OPTIMIZATION_LEVEL = "-O";
				VALIDATE_PRODUCT = YES;
			};
			name = Release;
		};
		BBAE19A62693F5BF00FDFC8C /* Debug */ = {
			isa = XCBuildConfiguration;
			buildSettings = {
				ASSETCATALOG_COMPILER_APPICON_NAME = AppIcon;
				ASSETCATALOG_COMPILER_GLOBAL_ACCENT_COLOR_NAME = AccentColor;
				CODE_SIGN_STYLE = Automatic;
				DEVELOPMENT_ASSET_PATHS = "\"firstapp/Preview Content\"";
				ENABLE_PREVIEWS = YES;
				INFOPLIST_FILE = firstapp/Info.plist;
				IPHONEOS_DEPLOYMENT_TARGET = 14.0;
				LD_RUNPATH_SEARCH_PATHS = (
					"$(inherited)",
					"@executable_path/Frameworks",
				);
				PRODUCT_BUNDLE_IDENTIFIER = com.kpu.example.firstapp;
				PRODUCT_NAME = "$(TARGET_NAME)";
				SWIFT_VERSION = 5.0;
				TARGETED_DEVICE_FAMILY = "1,2";
			};
			name = Debug;
		};
		BBAE19A72693F5BF00FDFC8C /* Release */ = {
			isa = XCBuildConfiguration;
			buildSettings = {
				ASSETCATALOG_COMPILER_APPICON_NAME = AppIcon;
				ASSETCATALOG_COMPILER_GLOBAL_ACCENT_COLOR_NAME = AccentColor;
				CODE_SIGN_STYLE = Automatic;
				DEVELOPMENT_ASSET_PATHS = "\"firstapp/Preview Content\"";
				ENABLE_PREVIEWS = YES;
				INFOPLIST_FILE = firstapp/Info.plist;
				IPHONEOS_DEPLOYMENT_TARGET = 14.0;
				LD_RUNPATH_SEARCH_PATHS = (
					"$(inherited)",
					"@executable_path/Frameworks",
				);
				PRODUCT_BUNDLE_IDENTIFIER = com.kpu.example.firstapp;
				PRODUCT_NAME = "$(TARGET_NAME)";
				SWIFT_VERSION = 5.0;
				TARGETED_DEVICE_FAMILY = "1,2";
			};
			name = Release;
		};
		BBAE19A92693F5BF00FDFC8C /* Debug */ = {
			isa = XCBuildConfiguration;
			buildSettings = {
				ALWAYS_EMBED_SWIFT_STANDARD_LIBRARIES = YES;
				BUNDLE_LOADER = "$(TEST_HOST)";
				CODE_SIGN_STYLE = Automatic;
				INFOPLIST_FILE = firstappTests/Info.plist;
				IPHONEOS_DEPLOYMENT_TARGET = 14.0;
				LD_RUNPATH_SEARCH_PATHS = (
					"$(inherited)",
					"@executable_path/Frameworks",
					"@loader_path/Frameworks",
				);
				PRODUCT_BUNDLE_IDENTIFIER = com.kpu.example.firstappTests;
				PRODUCT_NAME = "$(TARGET_NAME)";
				SWIFT_VERSION = 5.0;
				TARGETED_DEVICE_FAMILY = "1,2";
				TEST_HOST = "$(BUILT_PRODUCTS_DIR)/firstapp.app/firstapp";
			};
			name = Debug;
		};
		BBAE19AA2693F5BF00FDFC8C /* Release */ = {
			isa = XCBuildConfiguration;
			buildSettings = {
				ALWAYS_EMBED_SWIFT_STANDARD_LIBRARIES = YES;
				BUNDLE_LOADER = "$(TEST_HOST)";
				CODE_SIGN_STYLE = Automatic;
				INFOPLIST_FILE = firstappTests/Info.plist;
				IPHONEOS_DEPLOYMENT_TARGET = 14.0;
				LD_RUNPATH_SEARCH_PATHS = (
					"$(inherited)",
					"@executable_path/Frameworks",
					"@loader_path/Frameworks",
				);
				PRODUCT_BUNDLE_IDENTIFIER = com.kpu.example.firstappTests;
				PRODUCT_NAME = "$(TARGET_NAME)";
				SWIFT_VERSION = 5.0;
				TARGETED_DEVICE_FAMILY = "1,2";
				TEST_HOST = "$(BUILT_PRODUCTS_DIR)/firstapp.app/firstapp";
			};
			name = Release;
		};
		BBAE19AC2693F5BF00FDFC8C /* Debug */ = {
			isa = XCBuildConfiguration;
			buildSettings = {
				ALWAYS_EMBED_SWIFT_STANDARD_LIBRARIES = YES;
				CODE_SIGN_STYLE = Automatic;
				INFOPLIST_FILE = firstappUITests/Info.plist;
				LD_RUNPATH_SEARCH_PATHS = (
					"$(inherited)",
					"@executable_path/Frameworks",
					"@loader_path/Frameworks",
				);
				PRODUCT_BUNDLE_IDENTIFIER = com.kpu.example.firstappUITests;
				PRODUCT_NAME = "$(TARGET_NAME)";
				SWIFT_VERSION = 5.0;
				TARGETED_DEVICE_FAMILY = "1,2";
				TEST_TARGET_NAME = firstapp;
			};
			name = Debug;
		};
		BBAE19AD2693F5BF00FDFC8C /* Release */ = {
			isa = XCBuildConfiguration;
			buildSettings = {
				ALWAYS_EMBED_SWIFT_STANDARD_LIBRARIES = YES;
				CODE_SIGN_STYLE = Automatic;
				INFOPLIST_FILE = firstappUITests/Info.plist;
				LD_RUNPATH_SEARCH_PATHS = (
					"$(inherited)",
					"@executable_path/Frameworks",
					"@loader_path/Frameworks",
				);
				PRODUCT_BUNDLE_IDENTIFIER = com.kpu.example.firstappUITests;
				PRODUCT_NAME = "$(TARGET_NAME)";
				SWIFT_VERSION = 5.0;
				TARGETED_DEVICE_FAMILY = "1,2";
				TEST_TARGET_NAME = firstapp;
			};
			name = Release;
		};
/* End XCBuildConfiguration section */

/* Begin XCConfigurationList section */
		BBAE197B2693F5BE00FDFC8C /* Build configuration list for PBXProject "firstapp" */ = {
			isa = XCConfigurationList;
			buildConfigurations = (
				BBAE19A32693F5BF00FDFC8C /* Debug */,
				BBAE19A42693F5BF00FDFC8C /* Release */,
			);
			defaultConfigurationIsVisible = 0;
			defaultConfigurationName = Release;
		};
		BBAE19A52693F5BF00FDFC8C /* Build configuration list for PBXNativeTarget "firstapp" */ = {
			isa = XCConfigurationList;
			buildConfigurations = (
				BBAE19A62693F5BF00FDFC8C /* Debug */,
				BBAE19A72693F5BF00FDFC8C /* Release */,
			);
			defaultConfigurationIsVisible = 0;
			defaultConfigurationName = Release;
		};
		BBAE19A82693F5BF00FDFC8C /* Build configuration list for PBXNativeTarget "firstappTests" */ = {
			isa = XCConfigurationList;
			buildConfigurations = (
				BBAE19A92693F5BF00FDFC8C /* Debug */,
				BBAE19AA2693F5BF00FDFC8C /* Release */,
			);
			defaultConfigurationIsVisible = 0;
			defaultConfigurationName = Release;
		};
		BBAE19AB2693F5BF00FDFC8C /* Build configuration list for PBXNativeTarget "firstappUITests" */ = {
			isa = XCConfigurationList;
			buildConfigurations = (
				BBAE19AC2693F5BF00FDFC8C /* Debug */,
				BBAE19AD2693F5BF00FDFC8C /* Release */,
			);
			defaultConfigurationIsVisible = 0;
			defaultConfigurationName = Release;
		};
/* End XCConfigurationList section */
	};
	rootObject = BBAE19782693F5BE00FDFC8C /* Project object */;
}
