// !$*UTF8*$!
{
	archiveVersion = 1;
	classes = {
	};
	objectVersion = 50;
	objects = {

/* Begin PBXBuildFile section */
		BBAE19FE2695405200FDFC8C /* Day3App.swift in Sources */ = {isa = PBXBuildFile; fileRef = BBAE19FD2695405200FDFC8C /* Day3App.swift */; };
		BBAE1A002695405200FDFC8C /* ContentView.swift in Sources */ = {isa = PBXBuildFile; fileRef = BBAE19FF2695405200FDFC8C /* ContentView.swift */; };
		BBAE1A022695405400FDFC8C /* Assets.xcassets in Resources */ = {isa = PBXBuildFile; fileRef = BBAE1A012695405400FDFC8C /* Assets.xcassets */; };
		BBAE1A052695405400FDFC8C /* Preview Assets.xcassets in Resources */ = {isa = PBXBuildFile; fileRef = BBAE1A042695405400FDFC8C /* Preview Assets.xcassets */; };
		BBAE1A102695405400FDFC8C /* Day3Tests.swift in Sources */ = {isa = PBXBuildFile; fileRef = BBAE1A0F2695405400FDFC8C /* Day3Tests.swift */; };
		BBAE1A1B2695405400FDFC8C /* Day3UITests.swift in Sources */ = {isa = PBXBuildFile; fileRef = BBAE1A1A2695405400FDFC8C /* Day3UITests.swift */; };
		BBAE1A2B269552A800FDFC8C /* SecondView.swift in Sources */ = {isa = PBXBuildFile; fileRef = BBAE1A2A269552A800FDFC8C /* SecondView.swift */; };
		BBAE1A2D269552C500FDFC8C /* TimeData.swift in Sources */ = {isa = PBXBuildFile; fileRef = BBAE1A2C269552C500FDFC8C /* TimeData.swift */; };
/* End PBXBuildFile section */

/* Begin PBXContainerItemProxy section */
		BBAE1A0C2695405400FDFC8C /* PBXContainerItemProxy */ = {
			isa = PBXContainerItemProxy;
			containerPortal = BBAE19F22695405200FDFC8C /* Project object */;
			proxyType = 1;
			remoteGlobalIDString = BBAE19F92695405200FDFC8C;
			remoteInfo = Day3;
		};
		BBAE1A172695405400FDFC8C /* PBXContainerItemProxy */ = {
			isa = PBXContainerItemProxy;
			containerPortal = BBAE19F22695405200FDFC8C /* Project object */;
			proxyType = 1;
			remoteGlobalIDString = BBAE19F92695405200FDFC8C;
			remoteInfo = Day3;
		};
/* End PBXContainerItemProxy section */

/* Begin PBXFileReference section */
		BBAE19FA2695405200FDFC8C /* Day3.app */ = {isa = PBXFileReference; explicitFileType = wrapper.application; includeInIndex = 0; path = Day3.app; sourceTree = BUILT_PRODUCTS_DIR; };
		BBAE19FD2695405200FDFC8C /* Day3App.swift */ = {isa = PBXFileReference; lastKnownFileType = sourcecode.swift; path = Day3App.swift; sourceTree = "<group>"; };
		BBAE19FF2695405200FDFC8C /* ContentView.swift */ = {isa = PBXFileReference; lastKnownFileType = sourcecode.swift; path = ContentView.swift; sourceTree = "<group>"; };
		BBAE1A012695405400FDFC8C /* Assets.xcassets */ = {isa = PBXFileReference; lastKnownFileType = folder.assetcatalog; path = Assets.xcassets; sourceTree = "<group>"; };
		BBAE1A042695405400FDFC8C /* Preview Assets.xcassets */ = {isa = PBXFileReference; lastKnownFileType = folder.assetcatalog; path = "Preview Assets.xcassets"; sourceTree = "<group>"; };
		BBAE1A062695405400FDFC8C /* Info.plist */ = {isa = PBXFileReference; lastKnownFileType = text.plist.xml; path = Info.plist; sourceTree = "<group>"; };
		BBAE1A0B2695405400FDFC8C /* Day3Tests.xctest */ = {isa = PBXFileReference; explicitFileType = wrapper.cfbundle; includeInIndex = 0; path = Day3Tests.xctest; sourceTree = BUILT_PRODUCTS_DIR; };
		BBAE1A0F2695405400FDFC8C /* Day3Tests.swift */ = {isa = PBXFileReference; lastKnownFileType = sourcecode.swift; path = Day3Tests.swift; sourceTree = "<group>"; };
		BBAE1A112695405400FDFC8C /* Info.plist */ = {isa = PBXFileReference; lastKnownFileType = text.plist.xml; path = Info.plist; sourceTree = "<group>"; };
		BBAE1A162695405400FDFC8C /* Day3UITests.xctest */ = {isa = PBXFileReference; explicitFileType = wrapper.cfbundle; includeInIndex = 0; path = Day3UITests.xctest; sourceTree = BUILT_PRODUCTS_DIR; };
		BBAE1A1A2695405400FDFC8C /* Day3UITests.swift */ = {isa = PBXFileReference; lastKnownFileType = sourcecode.swift; path = Day3UITests.swift; sourceTree = "<group>"; };
		BBAE1A1C2695405400FDFC8C /* Info.plist */ = {isa = PBXFileReference; lastKnownFileType = text.plist.xml; path = Info.plist; sourceTree = "<group>"; };
		BBAE1A2A269552A800FDFC8C /* SecondView.swift */ = {isa = PBXFileReference; lastKnownFileType = sourcecode.swift; path = SecondView.swift; sourceTree = "<group>"; };
		BBAE1A2C269552C500FDFC8C /* TimeData.swift */ = {isa = PBXFileReference; lastKnownFileType = sourcecode.swift; path = TimeData.swift; sourceTree = "<group>"; };
/* End PBXFileReference section */

/* Begin PBXFrameworksBuildPhase section */
		BBAE19F72695405200FDFC8C /* Frameworks */ = {
			isa = PBXFrameworksBuildPhase;
			buildActionMask = 2147483647;
			files = (
			);
			runOnlyForDeploymentPostprocessing = 0;
		};
		BBAE1A082695405400FDFC8C /* Frameworks */ = {
			isa = PBXFrameworksBuildPhase;
			buildActionMask = 2147483647;
			files = (
			);
			runOnlyForDeploymentPostprocessing = 0;
		};
		BBAE1A132695405400FDFC8C /* Frameworks */ = {
			isa = PBXFrameworksBuildPhase;
			buildActionMask = 2147483647;
			files = (
			);
			runOnlyForDeploymentPostprocessing = 0;
		};
/* End PBXFrameworksBuildPhase section */

/* Begin PBXGroup section */
		BBAE19F12695405200FDFC8C = {
			isa = PBXGroup;
			children = (
				BBAE19FC2695405200FDFC8C /* Day3 */,
				BBAE1A0E2695405400FDFC8C /* Day3Tests */,
				BBAE1A192695405400FDFC8C /* Day3UITests */,
				BBAE19FB2695405200FDFC8C /* Products */,
			);
			sourceTree = "<group>";
		};
		BBAE19FB2695405200FDFC8C /* Products */ = {
			isa = PBXGroup;
			children = (
				BBAE19FA2695405200FDFC8C /* Day3.app */,
				BBAE1A0B2695405400FDFC8C /* Day3Tests.xctest */,
				BBAE1A162695405400FDFC8C /* Day3UITests.xctest */,
			);
			name = Products;
			sourceTree = "<group>";
		};
		BBAE19FC2695405200FDFC8C /* Day3 */ = {
			isa = PBXGroup;
			children = (
				BBAE19FD2695405200FDFC8C /* Day3App.swift */,
				BBAE1A2A269552A800FDFC8C /* SecondView.swift */,
				BBAE19FF2695405200FDFC8C /* ContentView.swift */,
				BBAE1A012695405400FDFC8C /* Assets.xcassets */,
				BBAE1A062695405400FDFC8C /* Info.plist */,
				BBAE1A032695405400FDFC8C /* Preview Content */,
				BBAE1A2C269552C500FDFC8C /* TimeData.swift */,
			);
			path = Day3;
			sourceTree = "<group>";
		};
		BBAE1A032695405400FDFC8C /* Preview Content */ = {
			isa = PBXGroup;
			children = (
				BBAE1A042695405400FDFC8C /* Preview Assets.xcassets */,
			);
			path = "Preview Content";
			sourceTree = "<group>";
		};
		BBAE1A0E2695405400FDFC8C /* Day3Tests */ = {
			isa = PBXGroup;
			children = (
				BBAE1A0F2695405400FDFC8C /* Day3Tests.swift */,
				BBAE1A112695405400FDFC8C /* Info.plist */,
			);
			path = Day3Tests;
			sourceTree = "<group>";
		};
		BBAE1A192695405400FDFC8C /* Day3UITests */ = {
			isa = PBXGroup;
			children = (
				BBAE1A1A2695405400FDFC8C /* Day3UITests.swift */,
				BBAE1A1C2695405400FDFC8C /* Info.plist */,
			);
			path = Day3UITests;
			sourceTree = "<group>";
		};
/* End PBXGroup section */

/* Begin PBXNativeTarget section */
		BBAE19F92695405200FDFC8C /* Day3 */ = {
			isa = PBXNativeTarget;
			buildConfigurationList = BBAE1A1F2695405400FDFC8C /* Build configuration list for PBXNativeTarget "Day3" */;
			buildPhases = (
				BBAE19F62695405200FDFC8C /* Sources */,
				BBAE19F72695405200FDFC8C /* Frameworks */,
				BBAE19F82695405200FDFC8C /* Resources */,
			);
			buildRules = (
			);
			dependencies = (
			);
			name = Day3;
			productName = Day3;
			productReference = BBAE19FA2695405200FDFC8C /* Day3.app */;
			productType = "com.apple.product-type.application";
		};
		BBAE1A0A2695405400FDFC8C /* Day3Tests */ = {
			isa = PBXNativeTarget;
			buildConfigurationList = BBAE1A222695405400FDFC8C /* Build configuration list for PBXNativeTarget "Day3Tests" */;
			buildPhases = (
				BBAE1A072695405400FDFC8C /* Sources */,
				BBAE1A082695405400FDFC8C /* Frameworks */,
				BBAE1A092695405400FDFC8C /* Resources */,
			);
			buildRules = (
			);
			dependencies = (
				BBAE1A0D2695405400FDFC8C /* PBXTargetDependency */,
			);
			name = Day3Tests;
			productName = Day3Tests;
			productReference = BBAE1A0B2695405400FDFC8C /* Day3Tests.xctest */;
			productType = "com.apple.product-type.bundle.unit-test";
		};
		BBAE1A152695405400FDFC8C /* Day3UITests */ = {
			isa = PBXNativeTarget;
			buildConfigurationList = BBAE1A252695405400FDFC8C /* Build configuration list for PBXNativeTarget "Day3UITests" */;
			buildPhases = (
				BBAE1A122695405400FDFC8C /* Sources */,
				BBAE1A132695405400FDFC8C /* Frameworks */,
				BBAE1A142695405400FDFC8C /* Resources */,
			);
			buildRules = (
			);
			dependencies = (
				BBAE1A182695405400FDFC8C /* PBXTargetDependency */,
			);
			name = Day3UITests;
			productName = Day3UITests;
			productReference = BBAE1A162695405400FDFC8C /* Day3UITests.xctest */;
			productType = "com.apple.product-type.bundle.ui-testing";
		};
/* End PBXNativeTarget section */

/* Begin PBXProject section */
		BBAE19F22695405200FDFC8C /* Project object */ = {
			isa = PBXProject;
			attributes = {
				LastSwiftUpdateCheck = 1250;
				LastUpgradeCheck = 1250;
				TargetAttributes = {
					BBAE19F92695405200FDFC8C = {
						CreatedOnToolsVersion = 12.5.1;
					};
					BBAE1A0A2695405400FDFC8C = {
						CreatedOnToolsVersion = 12.5.1;
						TestTargetID = BBAE19F92695405200FDFC8C;
					};
					BBAE1A152695405400FDFC8C = {
						CreatedOnToolsVersion = 12.5.1;
						TestTargetID = BBAE19F92695405200FDFC8C;
					};
				};
			};
			buildConfigurationList = BBAE19F52695405200FDFC8C /* Build configuration list for PBXProject "Day3" */;
			compatibilityVersion = "Xcode 9.3";
			developmentRegion = en;
			hasScannedForEncodings = 0;
			knownRegions = (
				en,
				Base,
			);
			mainGroup = BBAE19F12695405200FDFC8C;
			productRefGroup = BBAE19FB2695405200FDFC8C /* Products */;
			projectDirPath = "";
			projectRoot = "";
			targets = (
				BBAE19F92695405200FDFC8C /* Day3 */,
				BBAE1A0A2695405400FDFC8C /* Day3Tests */,
				BBAE1A152695405400FDFC8C /* Day3UITests */,
			);
		};
/* End PBXProject section */

/* Begin PBXResourcesBuildPhase section */
		BBAE19F82695405200FDFC8C /* Resources */ = {
			isa = PBXResourcesBuildPhase;
			buildActionMask = 2147483647;
			files = (
				BBAE1A052695405400FDFC8C /* Preview Assets.xcassets in Resources */,
				BBAE1A022695405400FDFC8C /* Assets.xcassets in Resources */,
			);
			runOnlyForDeploymentPostprocessing = 0;
		};
		BBAE1A092695405400FDFC8C /* Resources */ = {
			isa = PBXResourcesBuildPhase;
			buildActionMask = 2147483647;
			files = (
			);
			runOnlyForDeploymentPostprocessing = 0;
		};
		BBAE1A142695405400FDFC8C /* Resources */ = {
			isa = PBXResourcesBuildPhase;
			buildActionMask = 2147483647;
			files = (
			);
			runOnlyForDeploymentPostprocessing = 0;
		};
/* End PBXResourcesBuildPhase section */

/* Begin PBXSourcesBuildPhase section */
		BBAE19F62695405200FDFC8C /* Sources */ = {
			isa = PBXSourcesBuildPhase;
			buildActionMask = 2147483647;
			files = (
				BBAE1A2B269552A800FDFC8C /* SecondView.swift in Sources */,
				BBAE1A002695405200FDFC8C /* ContentView.swift in Sources */,
				BBAE1A2D269552C500FDFC8C /* TimeData.swift in Sources */,
				BBAE19FE2695405200FDFC8C /* Day3App.swift in Sources */,
			);
			runOnlyForDeploymentPostprocessing = 0;
		};
		BBAE1A072695405400FDFC8C /* Sources */ = {
			isa = PBXSourcesBuildPhase;
			buildActionMask = 2147483647;
			files = (
				BBAE1A102695405400FDFC8C /* Day3Tests.swift in Sources */,
			);
			runOnlyForDeploymentPostprocessing = 0;
		};
		BBAE1A122695405400FDFC8C /* Sources */ = {
			isa = PBXSourcesBuildPhase;
			buildActionMask = 2147483647;
			files = (
				BBAE1A1B2695405400FDFC8C /* Day3UITests.swift in Sources */,
			);
			runOnlyForDeploymentPostprocessing = 0;
		};
/* End PBXSourcesBuildPhase section */

/* Begin PBXTargetDependency section */
		BBAE1A0D2695405400FDFC8C /* PBXTargetDependency */ = {
			isa = PBXTargetDependency;
			target = BBAE19F92695405200FDFC8C /* Day3 */;
			targetProxy = BBAE1A0C2695405400FDFC8C /* PBXContainerItemProxy */;
		};
		BBAE1A182695405400FDFC8C /* PBXTargetDependency */ = {
			isa = PBXTargetDependency;
			target = BBAE19F92695405200FDFC8C /* Day3 */;
			targetProxy = BBAE1A172695405400FDFC8C /* PBXContainerItemProxy */;
		};
/* End PBXTargetDependency section */

/* Begin XCBuildConfiguration section */
		BBAE1A1D2695405400FDFC8C /* Debug */ = {
			isa = XCBuildConfiguration;
			buildSettings = {
				ALWAYS_SEARCH_USER_PATHS = NO;
				CLANG_ANALYZER_NONNULL = YES;
				CLANG_ANALYZER_NUMBER_OBJECT_CONVERSION = YES_AGGRESSIVE;
				CLANG_CXX_LANGUAGE_STANDARD = "gnu++14";
				CLANG_CXX_LIBRARY = "libc++";
				CLANG_ENABLE_MODULES = YES;
				CLANG_ENABLE_OBJC_ARC = YES;
				CLANG_ENABLE_OBJC_WEAK = YES;
				CLANG_WARN_BLOCK_CAPTURE_AUTORELEASING = YES;
				CLANG_WARN_BOOL_CONVERSION = YES;
				CLANG_WARN_COMMA = YES;
				CLANG_WARN_CONSTANT_CONVERSION = YES;
				CLANG_WARN_DEPRECATED_OBJC_IMPLEMENTATIONS = YES;
				CLANG_WARN_DIRECT_OBJC_ISA_USAGE = YES_ERROR;
				CLANG_WARN_DOCUMENTATION_COMMENTS = YES;
				CLANG_WARN_EMPTY_BODY = YES;
				CLANG_WARN_ENUM_CONVERSION = YES;
				CLANG_WARN_INFINITE_RECURSION = YES;
				CLANG_WARN_INT_CONVERSION = YES;
				CLANG_WARN_NON_LITERAL_NULL_CONVERSION = YES;
				CLANG_WARN_OBJC_IMPLICIT_RETAIN_SELF = YES;
				CLANG_WARN_OBJC_LITERAL_CONVERSION = YES;
				CLANG_WARN_OBJC_ROOT_CLASS = YES_ERROR;
				CLANG_WARN_QUOTED_INCLUDE_IN_FRAMEWORK_HEADER = YES;
				CLANG_WARN_RANGE_LOOP_ANALYSIS = YES;
				CLANG_WARN_STRICT_PROTOTYPES = YES;
				CLANG_WARN_SUSPICIOUS_MOVE = YES;
				CLANG_WARN_UNGUARDED_AVAILABILITY = YES_AGGRESSIVE;
				CLANG_WARN_UNREACHABLE_CODE = YES;
				CLANG_WARN__DUPLICATE_METHOD_MATCH = YES;
				COPY_PHASE_STRIP = NO;
				DEBUG_INFORMATION_FORMAT = dwarf;
				ENABLE_STRICT_OBJC_MSGSEND = YES;
				ENABLE_TESTABILITY = YES;
				GCC_C_LANGUAGE_STANDARD = gnu11;
				GCC_DYNAMIC_NO_PIC = NO;
				GCC_NO_COMMON_BLOCKS = YES;
				GCC_OPTIMIZATION_LEVEL = 0;
				GCC_PREPROCESSOR_DEFINITIONS = (
					"DEBUG=1",
					"$(inherited)",
				);
				GCC_WARN_64_TO_32_BIT_CONVERSION = YES;
				GCC_WARN_ABOUT_RETURN_TYPE = YES_ERROR;
				GCC_WARN_UNDECLARED_SELECTOR = YES;
				GCC_WARN_UNINITIALIZED_AUTOS = YES_AGGRESSIVE;
				GCC_WARN_UNUSED_FUNCTION = YES;
				GCC_WARN_UNUSED_VARIABLE = YES;
				IPHONEOS_DEPLOYMENT_TARGET = 14.5;
				MTL_ENABLE_DEBUG_INFO = INCLUDE_SOURCE;
				MTL_FAST_MATH = YES;
				ONLY_ACTIVE_ARCH = YES;
				SDKROOT = iphoneos;
				SWIFT_ACTIVE_COMPILATION_CONDITIONS = DEBUG;
				SWIFT_OPTIMIZATION_LEVEL = "-Onone";
			};
			name = Debug;
		};
		BBAE1A1E2695405400FDFC8C /* Release */ = {
			isa = XCBuildConfiguration;
			buildSettings = {
				ALWAYS_SEARCH_USER_PATHS = NO;
				CLANG_ANALYZER_NONNULL = YES;
				CLANG_ANALYZER_NUMBER_OBJECT_CONVERSION = YES_AGGRESSIVE;
				CLANG_CXX_LANGUAGE_STANDARD = "gnu++14";
				CLANG_CXX_LIBRARY = "libc++";
				CLANG_ENABLE_MODULES = YES;
				CLANG_ENABLE_OBJC_ARC = YES;
				CLANG_ENABLE_OBJC_WEAK = YES;
				CLANG_WARN_BLOCK_CAPTURE_AUTORELEASING = YES;
				CLANG_WARN_BOOL_CONVERSION = YES;
				CLANG_WARN_COMMA = YES;
				CLANG_WARN_CONSTANT_CONVERSION = YES;
				CLANG_WARN_DEPRECATED_OBJC_IMPLEMENTATIONS = YES;
				CLANG_WARN_DIRECT_OBJC_ISA_USAGE = YES_ERROR;
				CLANG_WARN_DOCUMENTATION_COMMENTS = YES;
				CLANG_WARN_EMPTY_BODY = YES;
				CLANG_WARN_ENUM_CONVERSION = YES;
				CLANG_WARN_INFINITE_RECURSION = YES;
				CLANG_WARN_INT_CONVERSION = YES;
				CLANG_WARN_NON_LITERAL_NULL_CONVERSION = YES;
				CLANG_WARN_OBJC_IMPLICIT_RETAIN_SELF = YES;
				CLANG_WARN_OBJC_LITERAL_CONVERSION = YES;
				CLANG_WARN_OBJC_ROOT_CLASS = YES_ERROR;
				CLANG_WARN_QUOTED_INCLUDE_IN_FRAMEWORK_HEADER = YES;
				CLANG_WARN_RANGE_LOOP_ANALYSIS = YES;
				CLANG_WARN_STRICT_PROTOTYPES = YES;
				CLANG_WARN_SUSPICIOUS_MOVE = YES;
				CLANG_WARN_UNGUARDED_AVAILABILITY = YES_AGGRESSIVE;
				CLANG_WARN_UNREACHABLE_CODE = YES;
				CLANG_WARN__DUPLICATE_METHOD_MATCH = YES;
				COPY_PHASE_STRIP = NO;
				DEBUG_INFORMATION_FORMAT = "dwarf-with-dsym";
				ENABLE_NS_ASSERTIONS = NO;
				ENABLE_STRICT_OBJC_MSGSEND = YES;
				GCC_C_LANGUAGE_STANDARD = gnu11;
				GCC_NO_COMMON_BLOCKS = YES;
				GCC_WARN_64_TO_32_BIT_CONVERSION = YES;
				GCC_WARN_ABOUT_RETURN_TYPE = YES_ERROR;
				GCC_WARN_UNDECLARED_SELECTOR = YES;
				GCC_WARN_UNINITIALIZED_AUTOS = YES_AGGRESSIVE;
				GCC_WARN_UNUSED_FUNCTION = YES;
				GCC_WARN_UNUSED_VARIABLE = YES;
				IPHONEOS_DEPLOYMENT_TARGET = 14.5;
				MTL_ENABLE_DEBUG_INFO = NO;
				MTL_FAST_MATH = YES;
				SDKROOT = iphoneos;
				SWIFT_COMPILATION_MODE = wholemodule;
				SWIFT_OPTIMIZATION_LEVEL = "-O";
				VALIDATE_PRODUCT = YES;
			};
			name = Release;
		};
		BBAE1A202695405400FDFC8C /* Debug */ = {
			isa = XCBuildConfiguration;
			buildSettings = {
				ASSETCATALOG_COMPILER_APPICON_NAME = AppIcon;
				ASSETCATALOG_COMPILER_GLOBAL_ACCENT_COLOR_NAME = AccentColor;
				CODE_SIGN_STYLE = Automatic;
				DEVELOPMENT_ASSET_PATHS = "\"Day3/Preview Content\"";
				DEVELOPMENT_TEAM = TJVSKMPD58;
				ENABLE_PREVIEWS = YES;
				INFOPLIST_FILE = Day3/Info.plist;
				IPHONEOS_DEPLOYMENT_TARGET = 14.0;
				LD_RUNPATH_SEARCH_PATHS = (
					"$(inherited)",
					"@executable_path/Frameworks",
				);
				PRODUCT_BUNDLE_IDENTIFIER = com.kpu.example.Day3;
				PRODUCT_NAME = "$(TARGET_NAME)";
				SWIFT_VERSION = 5.0;
				TARGETED_DEVICE_FAMILY = "1,2";
			};
			name = Debug;
		};
		BBAE1A212695405400FDFC8C /* Release */ = {
			isa = XCBuildConfiguration;
			buildSettings = {
				ASSETCATALOG_COMPILER_APPICON_NAME = AppIcon;
				ASSETCATALOG_COMPILER_GLOBAL_ACCENT_COLOR_NAME = AccentColor;
				CODE_SIGN_STYLE = Automatic;
				DEVELOPMENT_ASSET_PATHS = "\"Day3/Preview Content\"";
				DEVELOPMENT_TEAM = TJVSKMPD58;
				ENABLE_PREVIEWS = YES;
				INFOPLIST_FILE = Day3/Info.plist;
				IPHONEOS_DEPLOYMENT_TARGET = 14.0;
				LD_RUNPATH_SEARCH_PATHS = (
					"$(inherited)",
					"@executable_path/Frameworks",
				);
				PRODUCT_BUNDLE_IDENTIFIER = com.kpu.example.Day3;
				PRODUCT_NAME = "$(TARGET_NAME)";
				SWIFT_VERSION = 5.0;
				TARGETED_DEVICE_FAMILY = "1,2";
			};
			name = Release;
		};
		BBAE1A232695405400FDFC8C /* Debug */ = {
			isa = XCBuildConfiguration;
			buildSettings = {
				ALWAYS_EMBED_SWIFT_STANDARD_LIBRARIES = YES;
				BUNDLE_LOADER = "$(TEST_HOST)";
				CODE_SIGN_STYLE = Automatic;
				DEVELOPMENT_TEAM = TJVSKMPD58;
				INFOPLIST_FILE = Day3Tests/Info.plist;
				IPHONEOS_DEPLOYMENT_TARGET = 14.0;
				LD_RUNPATH_SEARCH_PATHS = (
					"$(inherited)",
					"@executable_path/Frameworks",
					"@loader_path/Frameworks",
				);
				PRODUCT_BUNDLE_IDENTIFIER = com.kpu.example.Day3Tests;
				PRODUCT_NAME = "$(TARGET_NAME)";
				SWIFT_VERSION = 5.0;
				TARGETED_DEVICE_FAMILY = "1,2";
				TEST_HOST = "$(BUILT_PRODUCTS_DIR)/Day3.app/Day3";
			};
			name = Debug;
		};
		BBAE1A242695405400FDFC8C /* Release */ = {
			isa = XCBuildConfiguration;
			buildSettings = {
				ALWAYS_EMBED_SWIFT_STANDARD_LIBRARIES = YES;
				BUNDLE_LOADER = "$(TEST_HOST)";
				CODE_SIGN_STYLE = Automatic;
				DEVELOPMENT_TEAM = TJVSKMPD58;
				INFOPLIST_FILE = Day3Tests/Info.plist;
				IPHONEOS_DEPLOYMENT_TARGET = 14.0;
				LD_RUNPATH_SEARCH_PATHS = (
					"$(inherited)",
					"@executable_path/Frameworks",
					"@loader_path/Frameworks",
				);
				PRODUCT_BUNDLE_IDENTIFIER = com.kpu.example.Day3Tests;
				PRODUCT_NAME = "$(TARGET_NAME)";
				SWIFT_VERSION = 5.0;
				TARGETED_DEVICE_FAMILY = "1,2";
				TEST_HOST = "$(BUILT_PRODUCTS_DIR)/Day3.app/Day3";
			};
			name = Release;
		};
		BBAE1A262695405400FDFC8C /* Debug */ = {
			isa = XCBuildConfiguration;
			buildSettings = {
				ALWAYS_EMBED_SWIFT_STANDARD_LIBRARIES = YES;
				CODE_SIGN_STYLE = Automatic;
				DEVELOPMENT_TEAM = TJVSKMPD58;
				INFOPLIST_FILE = Day3UITests/Info.plist;
				LD_RUNPATH_SEARCH_PATHS = (
					"$(inherited)",
					"@executable_path/Frameworks",
					"@loader_path/Frameworks",
				);
				PRODUCT_BUNDLE_IDENTIFIER = com.kpu.example.Day3UITests;
				PRODUCT_NAME = "$(TARGET_NAME)";
				SWIFT_VERSION = 5.0;
				TARGETED_DEVICE_FAMILY = "1,2";
				TEST_TARGET_NAME = Day3;
			};
			name = Debug;
		};
		BBAE1A272695405400FDFC8C /* Release */ = {
			isa = XCBuildConfiguration;
			buildSettings = {
				ALWAYS_EMBED_SWIFT_STANDARD_LIBRARIES = YES;
				CODE_SIGN_STYLE = Automatic;
				DEVELOPMENT_TEAM = TJVSKMPD58;
				INFOPLIST_FILE = Day3UITests/Info.plist;
				LD_RUNPATH_SEARCH_PATHS = (
					"$(inherited)",
					"@executable_path/Frameworks",
					"@loader_path/Frameworks",
				);
				PRODUCT_BUNDLE_IDENTIFIER = com.kpu.example.Day3UITests;
				PRODUCT_NAME = "$(TARGET_NAME)";
				SWIFT_VERSION = 5.0;
				TARGETED_DEVICE_FAMILY = "1,2";
				TEST_TARGET_NAME = Day3;
			};
			name = Release;
		};
/* End XCBuildConfiguration section */

/* Begin XCConfigurationList section */
		BBAE19F52695405200FDFC8C /* Build configuration list for PBXProject "Day3" */ = {
			isa = XCConfigurationList;
			buildConfigurations = (
				BBAE1A1D2695405400FDFC8C /* Debug */,
				BBAE1A1E2695405400FDFC8C /* Release */,
			);
			defaultConfigurationIsVisible = 0;
			defaultConfigurationName = Release;
		};
		BBAE1A1F2695405400FDFC8C /* Build configuration list for PBXNativeTarget "Day3" */ = {
			isa = XCConfigurationList;
			buildConfigurations = (
				BBAE1A202695405400FDFC8C /* Debug */,
				BBAE1A212695405400FDFC8C /* Release */,
			);
			defaultConfigurationIsVisible = 0;
			defaultConfigurationName = Release;
		};
		BBAE1A222695405400FDFC8C /* Build configuration list for PBXNativeTarget "Day3Tests" */ = {
			isa = XCConfigurationList;
			buildConfigurations = (
				BBAE1A232695405400FDFC8C /* Debug */,
				BBAE1A242695405400FDFC8C /* Release */,
			);
			defaultConfigurationIsVisible = 0;
			defaultConfigurationName = Release;
		};
		BBAE1A252695405400FDFC8C /* Build configuration list for PBXNativeTarget "Day3UITests" */ = {
			isa = XCConfigurationList;
			buildConfigurations = (
				BBAE1A262695405400FDFC8C /* Debug */,
				BBAE1A272695405400FDFC8C /* Release */,
			);
			defaultConfigurationIsVisible = 0;
			defaultConfigurationName = Release;
		};
/* End XCConfigurationList section */
	};
	rootObject = BBAE19F22695405200FDFC8C /* Project object */;
}
